PODS:
  - Flutter (1.0.0)
  - integration_test (0.0.1):
    - Flutter
  - vuzix_ultralite_flutter_plugin (0.1.0):
    - Flutter

DEPENDENCIES:
  - Flutter (from `Flutter`)
  - integration_test (from `.symlinks/plugins/integration_test/ios`)
  - vuzix_ultralite_flutter_plugin (from `.symlinks/plugins/vuzix_ultralite_flutter_plugin/ios`)

EXTERNAL SOURCES:
  Flutter:
    :path: Flutter
  integration_test:
    :path: ".symlinks/plugins/integration_test/ios"
  vuzix_ultralite_flutter_plugin:
    :path: ".symlinks/plugins/vuzix_ultralite_flutter_plugin/ios"

SPEC CHECKSUMS:
  Flutter: e0871f40cf51350855a761d2e70bf5af5b9b5de7
  integration_test: 252f60fa39af5e17c3aa9899d35d908a0721b573
  vuzix_ultralite_flutter_plugin: 49c81a5efa2936c4fc066b61347356e790c3eea1

PODFILE CHECKSUM: 23567fddeed004647992baa779712ea51b7420f7

COCOAPODS: 1.16.2
